<?xml version="1.0" encoding="utf-8"?>
<Project ToolsVersion="4.0" xmlns="http://schemas.microsoft.com/developer/msbuild/2003">
  <ItemGroup>
    <Filter Include="Файлы исходного кода">
      <UniqueIdentifier>{4FC737F1-C7A5-4376-A066-2A32D752A2FF}</UniqueIdentifier>
      <Extensions>cpp;c;cc;cxx;def;odl;idl;hpj;bat;asm;asmx</Extensions>
    </Filter>
    <Filter Include="Файлы ресурсов">
      <UniqueIdentifier>{67DA6AB6-F800-4c08-8B7A-83BB121AAD01}</UniqueIdentifier>
      <Extensions>rc;ico;cur;bmp;dlg;rc2;rct;bin;rgs;gif;jpg;jpeg;jpe;resx;tiff;tif;png;wav;mfcribbon-ms</Extensions>
    </Filter>
    <Filter Include="Camera">
      <UniqueIdentifier>{6a88b69c-4479-449b-b78d-c5a031035f45}</UniqueIdentifier>
    </Filter>
    <Filter Include="Object">
      <UniqueIdentifier>{97a85b00-8e2b-48d6-8fc7-6f03399f2ee1}</UniqueIdentifier>
    </Filter>
    <Filter Include="Material">
      <UniqueIdentifier>{04b154eb-d760-4445-8938-0af16f5dd64b}</UniqueIdentifier>
    </Filter>
    <Filter Include="fl3">
      <UniqueIdentifier>{bfc1a6b2-8d61-4973-a284-12d1c378dda6}</UniqueIdentifier>
    </Filter>
    <Filter Include="Light">
      <UniqueIdentifier>{ff52d625-c1a5-43e3-a588-cd4aa3b0594b}</UniqueIdentifier>
    </Filter>
    <Filter Include="Scene">
      <UniqueIdentifier>{1bfaf94a-0dd4-4880-97c8-052dc2c96453}</UniqueIdentifier>
    </Filter>
    <Filter Include="Ray">
      <UniqueIdentifier>{b90da269-e83a-4f54-a0aa-7f84a800f6cc}</UniqueIdentifier>
    </Filter>
    <Filter Include="Object\Sphere">
      <UniqueIdentifier>{127bf551-544a-4c59-9148-b819a35cf1fa}</UniqueIdentifier>
    </Filter>
    <Filter Include="Object\Cone">
      <UniqueIdentifier>{1d06f56f-3789-420b-8a3c-b95e59fffe3b}</UniqueIdentifier>
    </Filter>
    <Filter Include="matrix">
      <UniqueIdentifier>{bfa51698-c9b9-46ee-bf7a-b98ad282018a}</UniqueIdentifier>
    </Filter>
  </ItemGroup>
  <ItemGroup>
    <ClCompile Include="sourse.cpp">
      <Filter>Файлы исходного кода</Filter>
    </ClCompile>
    <ClCompile Include="Camera.cpp">
      <Filter>Camera</Filter>
    </ClCompile>
    <ClCompile Include="Material.cpp">
      <Filter>Material</Filter>
    </ClCompile>
    <ClCompile Include="fl3.cpp">
      <Filter>fl3</Filter>
    </ClCompile>
    <ClCompile Include="Light.cpp">
      <Filter>Light</Filter>
    </ClCompile>
    <ClCompile Include="Scene.cpp">
      <Filter>Scene</Filter>
    </ClCompile>
    <ClCompile Include="Ray.cpp">
      <Filter>Ray</Filter>
    </ClCompile>
    <ClCompile Include="Sphere.cpp">
      <Filter>Object\Sphere</Filter>
    </ClCompile>
    <ClCompile Include="Cone.cpp">
      <Filter>Object\Cone</Filter>
    </ClCompile>
    <ClCompile Include="matrix.cpp">
      <Filter>matrix</Filter>
    </ClCompile>
  </ItemGroup>
  <ItemGroup>
    <ClInclude Include="Camera.h">
      <Filter>Camera</Filter>
    </ClInclude>
    <ClInclude Include="Object.h">
      <Filter>Object</Filter>
    </ClInclude>
    <ClInclude Include="Material.h">
      <Filter>Material</Filter>
    </ClInclude>
    <ClInclude Include="fl3.h">
      <Filter>fl3</Filter>
    </ClInclude>
    <ClInclude Include="pch.h">
      <Filter>Файлы исходного кода</Filter>
    </ClInclude>
    <ClInclude Include="Light.h">
      <Filter>Light</Filter>
    </ClInclude>
    <ClInclude Include="Scene.h">
      <Filter>Scene</Filter>
    </ClInclude>
    <ClInclude Include="Ray.h">
      <Filter>Ray</Filter>
    </ClInclude>
    <ClInclude Include="Sphere.h">
      <Filter>Object\Sphere</Filter>
    </ClInclude>
    <ClInclude Include="Cone.h">
      <Filter>Object\Cone</Filter>
    </ClInclude>
    <ClInclude Include="matrix.h">
      <Filter>matrix</Filter>
    </ClInclude>
  </ItemGroup>
  <ItemGroup>
    <None Include="packages.config" />
  </ItemGroup>
</Project>